
Microsoft Visual Studio Solution File, Format Version 12.00
# Visual Studio Version 17
VisualStudioVersion = 17.4.33110.190
MinimumVisualStudioVersion = 10.0.40219.1
Project("{FAE04EC0-301F-11D3-BF4B-00C04F79EFBC}") = "Projeto Hub de Jogos", "Projeto Hub de Jogos\Projeto Hub de Jogos.csproj", "{314D80D8-CCA5-47D4-8869-EA9A82ADD78E}"
EndProject
Global
	GlobalSection(SolutionConfigurationPlatforms) = preSolution
		Debug|Any CPU = Debug|Any CPU
		Release|Any CPU = Release|Any CPU
	EndGlobalSection
	GlobalSection(ProjectConfigurationPlatforms) = postSolution
		{314D80D8-CCA5-47D4-8869-EA9A82ADD78E}.Debug|Any CPU.ActiveCfg = Debug|Any CPU
		{314D80D8-CCA5-47D4-8869-EA9A82ADD78E}.Debug|Any CPU.Build.0 = Debug|Any CPU
		{314D80D8-CCA5-47D4-8869-EA9A82ADD78E}.Release|Any CPU.ActiveCfg = Release|Any CPU
		{314D80D8-CCA5-47D4-8869-EA9A82ADD78E}.Release|Any CPU.Build.0 = Release|Any CPU
	EndGlobalSection
	GlobalSection(SolutionProperties) = preSolution
		HideSolutionNode = FALSE
	EndGlobalSection
	GlobalSection(ExtensibilityGlobals) = postSolution
		SolutionGuid = {B3F7435D-25CB-4D07-B7FA-358F8A8A8F57}
	EndGlobalSection
EndGlobal
